{
	"name": "fb2-reader",
	"version": "0.1.0",
	"lockfileVersion": 3,
	"requires": true,
	"packages": {
		"": {
			"name": "fb2-reader",
			"version": "0.1.0",
			"dependencies": {
				"xml2js": "^0.6.2"
			},
			"devDependencies": {
				"@types/xml2js": "^0.4.14",
				"obsidian": "^1.0.0",
				"typescript": "^4.0.0"
			}
		},
		"node_modules/@codemirror/state": {
			"version": "6.5.1",
			"resolved": "https://registry.npmjs.org/@codemirror/state/-/state-6.5.1.tgz",
			"integrity": "sha512-3rA9lcwciEB47ZevqvD8qgbzhM9qMb8vCcQCNmDfVRPQG4JT9mSb0Jg8H7YjKGGQcFnLN323fj9jdnG59Kx6bg==",
			"dev": true,
			"license": "MIT",
			"peer": true,
			"dependencies": {
				"@marijn/find-cluster-break": "^1.0.0"
			}
		},
		"node_modules/@codemirror/view": {
			"version": "6.36.2",
			"resolved": "https://registry.npmjs.org/@codemirror/view/-/view-6.36.2.tgz",
			"integrity": "sha512-DZ6ONbs8qdJK0fdN7AB82CgI6tYXf4HWk1wSVa0+9bhVznCuuvhQtX8bFBoy3dv8rZSQqUd8GvhVAcielcidrA==",
			"dev": true,
			"license": "MIT",
			"peer": true,
			"dependencies": {
				"@codemirror/state": "^6.5.0",
				"style-mod": "^4.1.0",
				"w3c-keyname": "^2.2.4"
			}
		},
		"node_modules/@marijn/find-cluster-break": {
			"version": "1.0.2",
			"resolved": "https://registry.npmjs.org/@marijn/find-cluster-break/-/find-cluster-break-1.0.2.tgz",
			"integrity": "sha512-l0h88YhZFyKdXIFNfSWpyjStDjGHwZ/U7iobcK1cQQD8sejsONdQtTVU+1wVN1PBw40PiiHB1vA5S7VTfQiP9g==",
			"dev": true,
			"license": "MIT",
			"peer": true
		},
		"node_modules/@types/codemirror": {
			"version": "5.60.8",
			"resolved": "https://registry.npmjs.org/@types/codemirror/-/codemirror-5.60.8.tgz",
			"integrity": "sha512-VjFgDF/eB+Aklcy15TtOTLQeMjTo07k7KAjql8OK5Dirr7a6sJY4T1uVBDuTVG9VEmn1uUsohOpYnVfgC6/jyw==",
			"dev": true,
			"license": "MIT",
			"dependencies": {
				"@types/tern": "*"
			}
		},
		"node_modules/@types/estree": {
			"version": "1.0.6",
			"resolved": "https://registry.npmjs.org/@types/estree/-/estree-1.0.6.tgz",
			"integrity": "sha512-AYnb1nQyY49te+VRAVgmzfcgjYS91mY5P0TKUDCLEM+gNnA+3T6rWITXRLYCpahpqSQbN5cE+gHpnPyXjHWxcw==",
			"dev": true,
			"license": "MIT"
		},
		"node_modules/@types/node": {
			"version": "22.10.6",
			"resolved": "https://registry.npmjs.org/@types/node/-/node-22.10.6.tgz",
			"integrity": "sha512-qNiuwC4ZDAUNcY47xgaSuS92cjf8JbSUoaKS77bmLG1rU7MlATVSiw/IlrjtIyyskXBZ8KkNfjK/P5na7rgXbQ==",
			"dev": true,
			"license": "MIT",
			"dependencies": {
				"undici-types": "~6.20.0"
			}
		},
		"node_modules/@types/tern": {
			"version": "0.23.9",
			"resolved": "https://registry.npmjs.org/@types/tern/-/tern-0.23.9.tgz",
			"integrity": "sha512-ypzHFE/wBzh+BlH6rrBgS5I/Z7RD21pGhZ2rltb/+ZrVM1awdZwjx7hE5XfuYgHWk9uvV5HLZN3SloevCAp3Bw==",
			"dev": true,
			"license": "MIT",
			"dependencies": {
				"@types/estree": "*"
			}
		},
		"node_modules/@types/xml2js": {
			"version": "0.4.14",
			"resolved": "https://registry.npmjs.org/@types/xml2js/-/xml2js-0.4.14.tgz",
			"integrity": "sha512-4YnrRemBShWRO2QjvUin8ESA41rH+9nQGLUGZV/1IDhi3SL9OhdpNC/MrulTWuptXKwhx/aDxE7toV0f/ypIXQ==",
			"dev": true,
			"license": "MIT",
			"dependencies": {
				"@types/node": "*"
			}
		},
		"node_modules/moment": {
			"version": "2.29.4",
			"resolved": "https://registry.npmjs.org/moment/-/moment-2.29.4.tgz",
			"integrity": "sha512-5LC9SOxjSc2HF6vO2CyuTDNivEdoz2IvyJJGj6X8DJ0eFyfszE0QiEd+iXmBvUP3WHxSjFH/vIsA0EN00cgr8w==",
			"dev": true,
			"license": "MIT",
			"engines": {
				"node": "*"
			}
		},
		"node_modules/obsidian": {
			"version": "1.7.2",
			"resolved": "https://registry.npmjs.org/obsidian/-/obsidian-1.7.2.tgz",
			"integrity": "sha512-k9hN9brdknJC+afKr5FQzDRuEFGDKbDjfCazJwpgibwCAoZNYHYV8p/s3mM8I6AsnKrPKNXf8xGuMZ4enWelZQ==",
			"dev": true,
			"license": "MIT",
			"dependencies": {
				"@types/codemirror": "5.60.8",
				"moment": "2.29.4"
			},
			"peerDependencies": {
				"@codemirror/state": "^6.0.0",
				"@codemirror/view": "^6.0.0"
			}
		},
		"node_modules/sax": {
			"version": "1.4.1",
			"resolved": "https://registry.npmjs.org/sax/-/sax-1.4.1.tgz",
			"integrity": "sha512-+aWOz7yVScEGoKNd4PA10LZ8sk0A/z5+nXQG5giUO5rprX9jgYsTdov9qCchZiPIZezbZH+jRut8nPodFAX4Jg==",
			"license": "ISC"
		},
		"node_modules/style-mod": {
			"version": "4.1.2",
			"resolved": "https://registry.npmjs.org/style-mod/-/style-mod-4.1.2.tgz",
			"integrity": "sha512-wnD1HyVqpJUI2+eKZ+eo1UwghftP6yuFheBqqe+bWCotBjC2K1YnteJILRMs3SM4V/0dLEW1SC27MWP5y+mwmw==",
			"dev": true,
			"license": "MIT",
			"peer": true
		},
		"node_modules/typescript": {
			"version": "4.9.5",
			"resolved": "https://registry.npmjs.org/typescript/-/typescript-4.9.5.tgz",
			"integrity": "sha512-1FXk9E2Hm+QzZQ7z+McJiHL4NW1F2EzMu9Nq9i3zAaGqibafqYwCVU6WyWAuyQRRzOlxou8xZSyXLEN8oKj24g==",
			"dev": true,
			"license": "Apache-2.0",
			"bin": {
				"tsc": "bin/tsc",
				"tsserver": "bin/tsserver"
			},
			"engines": {
				"node": ">=4.2.0"
			}
		},
		"node_modules/undici-types": {
			"version": "6.20.0",
			"resolved": "https://registry.npmjs.org/undici-types/-/undici-types-6.20.0.tgz",
			"integrity": "sha512-Ny6QZ2Nju20vw1SRHe3d9jVu6gJ+4e3+MMpqu7pqE5HT6WsTSlce++GQmK5UXS8mzV8DSYHrQH+Xrf2jVcuKNg==",
			"dev": true,
			"license": "MIT"
		},
		"node_modules/w3c-keyname": {
			"version": "2.2.8",
			"resolved": "https://registry.npmjs.org/w3c-keyname/-/w3c-keyname-2.2.8.tgz",
			"integrity": "sha512-dpojBhNsCNN7T82Tm7k26A6G9ML3NkhDsnw9n/eoxSRlVBB4CEtIQ/KTCLI2Fwf3ataSXRhYFkQi3SlnFwPvPQ==",
			"dev": true,
			"license": "MIT",
			"peer": true
		},
		"node_modules/xml2js": {
			"version": "0.6.2",
			"resolved": "https://registry.npmjs.org/xml2js/-/xml2js-0.6.2.tgz",
			"integrity": "sha512-T4rieHaC1EXcES0Kxxj4JWgaUQHDk+qwHcYOCFHfiwKz7tOVPLq7Hjq9dM1WCMhylqMEfP7hMcOIChvotiZegA==",
			"license": "MIT",
			"dependencies": {
				"sax": ">=0.6.0",
				"xmlbuilder": "~11.0.0"
			},
			"engines": {
				"node": ">=4.0.0"
			}
		},
		"node_modules/xmlbuilder": {
			"version": "11.0.1",
			"resolved": "https://registry.npmjs.org/xmlbuilder/-/xmlbuilder-11.0.1.tgz",
			"integrity": "sha512-fDlsI/kFEx7gLvbecc0/ohLG50fugQp8ryHzMTuW9vSa1GJ0XYWKnhsUx7oie3G98+r56aTQIUB4kht42R3JvA==",
			"license": "MIT",
			"engines": {
				"node": ">=4.0"
			}
		}
	}
}
